
Microsoft Visual Studio Solution File, Format Version 11.00
# Visual Studio 2010
Project("{888888A0-9F3D-457C-B088-3A5042F75D52}") = "DemoProjectPythn", "DemoProjectPythn\DemoProjectPythn.pyproj", "{ADF2F5DF-7C0E-43A6-9C5D-1EAEC92B7C6B}"
EndProject
Global
	GlobalSection(SolutionConfigurationPlatforms) = preSolution
		Debug|Any CPU = Debug|Any CPU
		Release|Any CPU = Release|Any CPU
	EndGlobalSection
	GlobalSection(ProjectConfigurationPlatforms) = postSolution
		{ADF2F5DF-7C0E-43A6-9C5D-1EAEC92B7C6B}.Debug|Any CPU.ActiveCfg = Debug|Any CPU
		{ADF2F5DF-7C0E-43A6-9C5D-1EAEC92B7C6B}.Debug|Any CPU.Build.0 = Debug|Any CPU
		{ADF2F5DF-7C0E-43A6-9C5D-1EAEC92B7C6B}.Release|Any CPU.ActiveCfg = Release|Any CPU
		{ADF2F5DF-7C0E-43A6-9C5D-1EAEC92B7C6B}.Release|Any CPU.Build.0 = Release|Any CPU
	EndGlobalSection
	GlobalSection(SolutionProperties) = preSolution
		HideSolutionNode = FALSE
	EndGlobalSection
EndGlobal
